
Microsoft Visual Studio Solution File, Format Version 12.00
# Visual Studio Version 17
VisualStudioVersion = 17.1.32421.90
MinimumVisualStudioVersion = 10.0.40219.1
Project("{FAE04EC0-301F-11D3-BF4B-00C04F79EFBC}") = "Övning2FlowControl", "Övning2FlowControl\Övning2FlowControl.csproj", "{3E7DC8D7-7C74-474C-B42F-42FEE00DCA5A}"
EndProject
Global
	GlobalSection(SolutionConfigurationPlatforms) = preSolution
		Debug|Any CPU = Debug|Any CPU
		Release|Any CPU = Release|Any CPU
	EndGlobalSection
	GlobalSection(ProjectConfigurationPlatforms) = postSolution
		{3E7DC8D7-7C74-474C-B42F-42FEE00DCA5A}.Debug|Any CPU.ActiveCfg = Debug|Any CPU
		{3E7DC8D7-7C74-474C-B42F-42FEE00DCA5A}.Debug|Any CPU.Build.0 = Debug|Any CPU
		{3E7DC8D7-7C74-474C-B42F-42FEE00DCA5A}.Release|Any CPU.ActiveCfg = Release|Any CPU
		{3E7DC8D7-7C74-474C-B42F-42FEE00DCA5A}.Release|Any CPU.Build.0 = Release|Any CPU
	EndGlobalSection
	GlobalSection(SolutionProperties) = preSolution
		HideSolutionNode = FALSE
	EndGlobalSection
	GlobalSection(ExtensibilityGlobals) = postSolution
		SolutionGuid = {D74B019B-62EB-4F65-88D1-64DED17E8A88}
	EndGlobalSection
EndGlobal
